
Microsoft Visual Studio Solution File, Format Version 12.00
# Visual Studio Version 17
VisualStudioVersion = 17.1.32228.430
MinimumVisualStudioVersion = 10.0.40219.1
Project("{FAE04EC0-301F-11D3-BF4B-00C04F79EFBC}") = "MembrosEstaticos_Ex01", "MembrosEstaticos_Ex01\MembrosEstaticos_Ex01.csproj", "{438AB2F5-9482-442C-A664-E798A3B22CE8}"
EndProject
Global
	GlobalSection(SolutionConfigurationPlatforms) = preSolution
		Debug|Any CPU = Debug|Any CPU
		Release|Any CPU = Release|Any CPU
	EndGlobalSection
	GlobalSection(ProjectConfigurationPlatforms) = postSolution
		{438AB2F5-9482-442C-A664-E798A3B22CE8}.Debug|Any CPU.ActiveCfg = Debug|Any CPU
		{438AB2F5-9482-442C-A664-E798A3B22CE8}.Debug|Any CPU.Build.0 = Debug|Any CPU
		{438AB2F5-9482-442C-A664-E798A3B22CE8}.Release|Any CPU.ActiveCfg = Release|Any CPU
		{438AB2F5-9482-442C-A664-E798A3B22CE8}.Release|Any CPU.Build.0 = Release|Any CPU
	EndGlobalSection
	GlobalSection(SolutionProperties) = preSolution
		HideSolutionNode = FALSE
	EndGlobalSection
	GlobalSection(ExtensibilityGlobals) = postSolution
		SolutionGuid = {8BF229BF-79E0-4F50-9788-AA6B3769D19E}
	EndGlobalSection
EndGlobal
