
Microsoft Visual Studio Solution File, Format Version 12.00
# Visual Studio Version 17
VisualStudioVersion = 17.1.32228.430
MinimumVisualStudioVersion = 10.0.40219.1
Project("{FAE04EC0-301F-11D3-BF4B-00C04F79EFBC}") = "UOJ_Ex05", "UOJ_Ex05\UOJ_Ex05.csproj", "{775BB280-5497-4E73-AAA4-307E05B2798C}"
EndProject
Global
	GlobalSection(SolutionConfigurationPlatforms) = preSolution
		Debug|Any CPU = Debug|Any CPU
		Release|Any CPU = Release|Any CPU
	EndGlobalSection
	GlobalSection(ProjectConfigurationPlatforms) = postSolution
		{775BB280-5497-4E73-AAA4-307E05B2798C}.Debug|Any CPU.ActiveCfg = Debug|Any CPU
		{775BB280-5497-4E73-AAA4-307E05B2798C}.Debug|Any CPU.Build.0 = Debug|Any CPU
		{775BB280-5497-4E73-AAA4-307E05B2798C}.Release|Any CPU.ActiveCfg = Release|Any CPU
		{775BB280-5497-4E73-AAA4-307E05B2798C}.Release|Any CPU.Build.0 = Release|Any CPU
	EndGlobalSection
	GlobalSection(SolutionProperties) = preSolution
		HideSolutionNode = FALSE
	EndGlobalSection
	GlobalSection(ExtensibilityGlobals) = postSolution
		SolutionGuid = {50D6C326-1ABC-4B4B-89E1-F47B561C1479}
	EndGlobalSection
EndGlobal
