
Microsoft Visual Studio Solution File, Format Version 12.00
# Visual Studio Version 17
VisualStudioVersion = 17.1.32228.430
MinimumVisualStudioVersion = 10.0.40219.1
Project("{FAE04EC0-301F-11D3-BF4B-00C04F79EFBC}") = "AreaTriangulo", "AreaTriangulo\AreaTriangulo.csproj", "{536FA4C0-6DEF-4E02-98D2-D14EEC254A2C}"
EndProject
Global
	GlobalSection(SolutionConfigurationPlatforms) = preSolution
		Debug|Any CPU = Debug|Any CPU
		Release|Any CPU = Release|Any CPU
	EndGlobalSection
	GlobalSection(ProjectConfigurationPlatforms) = postSolution
		{536FA4C0-6DEF-4E02-98D2-D14EEC254A2C}.Debug|Any CPU.ActiveCfg = Debug|Any CPU
		{536FA4C0-6DEF-4E02-98D2-D14EEC254A2C}.Debug|Any CPU.Build.0 = Debug|Any CPU
		{536FA4C0-6DEF-4E02-98D2-D14EEC254A2C}.Release|Any CPU.ActiveCfg = Release|Any CPU
		{536FA4C0-6DEF-4E02-98D2-D14EEC254A2C}.Release|Any CPU.Build.0 = Release|Any CPU
	EndGlobalSection
	GlobalSection(SolutionProperties) = preSolution
		HideSolutionNode = FALSE
	EndGlobalSection
	GlobalSection(ExtensibilityGlobals) = postSolution
		SolutionGuid = {A6D30116-4240-44D7-B8A0-A6E04984CE5F}
	EndGlobalSection
EndGlobal
