
Microsoft Visual Studio Solution File, Format Version 12.00
# Visual Studio Version 17
VisualStudioVersion = 17.1.32228.430
MinimumVisualStudioVersion = 10.0.40219.1
Project("{FAE04EC0-301F-11D3-BF4B-00C04F79EFBC}") = "Vetores_Ex02", "Vetores_Ex02\Vetores_Ex02.csproj", "{961358ED-15D9-419E-A359-0378A8B844BE}"
EndProject
Global
	GlobalSection(SolutionConfigurationPlatforms) = preSolution
		Debug|Any CPU = Debug|Any CPU
		Release|Any CPU = Release|Any CPU
	EndGlobalSection
	GlobalSection(ProjectConfigurationPlatforms) = postSolution
		{961358ED-15D9-419E-A359-0378A8B844BE}.Debug|Any CPU.ActiveCfg = Debug|Any CPU
		{961358ED-15D9-419E-A359-0378A8B844BE}.Debug|Any CPU.Build.0 = Debug|Any CPU
		{961358ED-15D9-419E-A359-0378A8B844BE}.Release|Any CPU.ActiveCfg = Release|Any CPU
		{961358ED-15D9-419E-A359-0378A8B844BE}.Release|Any CPU.Build.0 = Release|Any CPU
	EndGlobalSection
	GlobalSection(SolutionProperties) = preSolution
		HideSolutionNode = FALSE
	EndGlobalSection
	GlobalSection(ExtensibilityGlobals) = postSolution
		SolutionGuid = {7CA9A4DF-5FC2-4470-BE9A-C056A7FF7BFA}
	EndGlobalSection
EndGlobal
