
Microsoft Visual Studio Solution File, Format Version 12.00
# Visual Studio Version 17
VisualStudioVersion = 17.1.32228.430
MinimumVisualStudioVersion = 10.0.40219.1
Project("{FAE04EC0-301F-11D3-BF4B-00C04F79EFBC}") = "EntradaDeDados2", "EntradaDeDados2\EntradaDeDados2.csproj", "{86AFC615-4D65-445E-8BDE-3314DFF7E586}"
EndProject
Global
	GlobalSection(SolutionConfigurationPlatforms) = preSolution
		Debug|Any CPU = Debug|Any CPU
		Release|Any CPU = Release|Any CPU
	EndGlobalSection
	GlobalSection(ProjectConfigurationPlatforms) = postSolution
		{86AFC615-4D65-445E-8BDE-3314DFF7E586}.Debug|Any CPU.ActiveCfg = Debug|Any CPU
		{86AFC615-4D65-445E-8BDE-3314DFF7E586}.Debug|Any CPU.Build.0 = Debug|Any CPU
		{86AFC615-4D65-445E-8BDE-3314DFF7E586}.Release|Any CPU.ActiveCfg = Release|Any CPU
		{86AFC615-4D65-445E-8BDE-3314DFF7E586}.Release|Any CPU.Build.0 = Release|Any CPU
	EndGlobalSection
	GlobalSection(SolutionProperties) = preSolution
		HideSolutionNode = FALSE
	EndGlobalSection
	GlobalSection(ExtensibilityGlobals) = postSolution
		SolutionGuid = {F18540FC-9154-4832-B8D4-4A7194B65466}
	EndGlobalSection
EndGlobal
